
Microsoft Visual Studio Solution File, Format Version 12.00
# Visual Studio Version 17
VisualStudioVersion = 17.3.32825.248
MinimumVisualStudioVersion = 10.0.40219.1
Project("{FAE04EC0-301F-11D3-BF4B-00C04F79EFBC}") = "Src", "Src.csproj", "{238DFA23-CAF0-43C8-B7DA-735DA8C72448}"
EndProject
Project("{FAE04EC0-301F-11D3-BF4B-00C04F79EFBC}") = "RabbitmqConsole", "..\RabbitmqConsole\RabbitmqConsole.csproj", "{9FDD4630-52F2-4D7D-AD0D-7424A66E7A32}"
EndProject
Global
	GlobalSection(SolutionConfigurationPlatforms) = preSolution
		Debug|Any CPU = Debug|Any CPU
		Release|Any CPU = Release|Any CPU
	EndGlobalSection
	GlobalSection(ProjectConfigurationPlatforms) = postSolution
		{238DFA23-CAF0-43C8-B7DA-735DA8C72448}.Debug|Any CPU.ActiveCfg = Debug|Any CPU
		{238DFA23-CAF0-43C8-B7DA-735DA8C72448}.Debug|Any CPU.Build.0 = Debug|Any CPU
		{238DFA23-CAF0-43C8-B7DA-735DA8C72448}.Release|Any CPU.ActiveCfg = Release|Any CPU
		{238DFA23-CAF0-43C8-B7DA-735DA8C72448}.Release|Any CPU.Build.0 = Release|Any CPU
		{9FDD4630-52F2-4D7D-AD0D-7424A66E7A32}.Debug|Any CPU.ActiveCfg = Debug|Any CPU
		{9FDD4630-52F2-4D7D-AD0D-7424A66E7A32}.Debug|Any CPU.Build.0 = Debug|Any CPU
		{9FDD4630-52F2-4D7D-AD0D-7424A66E7A32}.Release|Any CPU.ActiveCfg = Release|Any CPU
		{9FDD4630-52F2-4D7D-AD0D-7424A66E7A32}.Release|Any CPU.Build.0 = Release|Any CPU
	EndGlobalSection
	GlobalSection(SolutionProperties) = preSolution
		HideSolutionNode = FALSE
	EndGlobalSection
	GlobalSection(ExtensibilityGlobals) = postSolution
		SolutionGuid = {3456258F-3CF3-424F-B717-31604958623E}
	EndGlobalSection
EndGlobal
